
Microsoft Visual Studio Solution File, Format Version 12.00
# Visual Studio Version 16
VisualStudioVersion = 16.0.36422.26
MinimumVisualStudioVersion = 10.0.40219.1
Project("{FAE04EC0-301F-11D3-BF4B-00C04F79EFBC}") = "LibraryManagementSystem1", "LibraryManagementSystem1\LibraryManagementSystem1.csproj", "{D2BA2246-A695-4303-ACA0-03B4A60EBC5E}"
EndProject
Global
	GlobalSection(SolutionConfigurationPlatforms) = preSolution
		Debug|Any CPU = Debug|Any CPU
		Release|Any CPU = Release|Any CPU
	EndGlobalSection
	GlobalSection(ProjectConfigurationPlatforms) = postSolution
		{D2BA2246-A695-4303-ACA0-03B4A60EBC5E}.Debug|Any CPU.ActiveCfg = Debug|Any CPU
		{D2BA2246-A695-4303-ACA0-03B4A60EBC5E}.Debug|Any CPU.Build.0 = Debug|Any CPU
		{D2BA2246-A695-4303-ACA0-03B4A60EBC5E}.Release|Any CPU.ActiveCfg = Release|Any CPU
		{D2BA2246-A695-4303-ACA0-03B4A60EBC5E}.Release|Any CPU.Build.0 = Release|Any CPU
	EndGlobalSection
	GlobalSection(SolutionProperties) = preSolution
		HideSolutionNode = FALSE
	EndGlobalSection
	GlobalSection(ExtensibilityGlobals) = postSolution
		SolutionGuid = {7F7CA5BD-D250-479B-8A07-84C129F2DC3C}
	EndGlobalSection
EndGlobal
